
Microsoft Visual Studio Solution File, Format Version 10.00
# Visual Studio 2008
Project("{FAE04EC0-301F-11D3-BF4B-00C04F79EFBC}") = "CodeGenCore", "CodeGenCore\CodeGenCore.csproj", "{CE1B35D2-02CC-4195-A4E6-07FDE2915E99}"
EndProject
Project("{FAE04EC0-301F-11D3-BF4B-00C04F79EFBC}") = "CodeGenCustomTool", "CodeGenCustomTool\CodeGenCustomTool.csproj", "{DDFEFB32-623E-49EE-9627-A19B77E29FCA}"
EndProject
Project("{54435603-DBB4-11D2-8724-00A0C9A8B90C}") = "CodeGenInstaller", "CodeGenInstaller\CodeGenInstaller.vdproj", "{F7A0543F-530F-43C2-A55D-E14D94C1FE5A}"
EndProject
Global
	GlobalSection(SourceCodeControl) = preSolution
		SccNumberOfProjects = 4
		SccProjectUniqueName0 = CodeGenCore\\CodeGenCore.csproj
		SccProjectName0 = \u0022$/SQLCE\u0020Code\u0020Generator/SQLCE\u0020Code\u0020Generator/CodeGenCore\u0022,\u0020BYDAAAAA
		SccLocalPath0 = CodeGenCore
		SccProjectUniqueName1 = CodeGenCustomTool\\CodeGenCustomTool.csproj
		SccProjectName1 = \u0022$/SQLCE\u0020Code\u0020Generator/SQLCE\u0020Code\u0020Generator/CodeGenCustomTool\u0022,\u0020BAEAAAAA
		SccLocalPath1 = CodeGenCustomTool
		SccLocalPath2 = .
		SccProjectUniqueName3 = CodeGenInstaller\\CodeGenInstaller.vdproj
		SccLocalPath3 = .
		SccProjectFilePathRelativizedFromConnection3 = CodeGenInstaller\\
	EndGlobalSection
	GlobalSection(SolutionConfigurationPlatforms) = preSolution
		Debug|Any CPU = Debug|Any CPU
		Release|Any CPU = Release|Any CPU
	EndGlobalSection
	GlobalSection(ProjectConfigurationPlatforms) = postSolution
		{CE1B35D2-02CC-4195-A4E6-07FDE2915E99}.Debug|Any CPU.ActiveCfg = Debug|Any CPU
		{CE1B35D2-02CC-4195-A4E6-07FDE2915E99}.Debug|Any CPU.Build.0 = Debug|Any CPU
		{CE1B35D2-02CC-4195-A4E6-07FDE2915E99}.Release|Any CPU.ActiveCfg = Release|Any CPU
		{CE1B35D2-02CC-4195-A4E6-07FDE2915E99}.Release|Any CPU.Build.0 = Release|Any CPU
		{DDFEFB32-623E-49EE-9627-A19B77E29FCA}.Debug|Any CPU.ActiveCfg = Debug|Any CPU
		{DDFEFB32-623E-49EE-9627-A19B77E29FCA}.Debug|Any CPU.Build.0 = Debug|Any CPU
		{DDFEFB32-623E-49EE-9627-A19B77E29FCA}.Release|Any CPU.ActiveCfg = Release|Any CPU
		{DDFEFB32-623E-49EE-9627-A19B77E29FCA}.Release|Any CPU.Build.0 = Release|Any CPU
		{F7A0543F-530F-43C2-A55D-E14D94C1FE5A}.Debug|Any CPU.ActiveCfg = Debug
		{F7A0543F-530F-43C2-A55D-E14D94C1FE5A}.Release|Any CPU.ActiveCfg = Release
	EndGlobalSection
	GlobalSection(SolutionProperties) = preSolution
		HideSolutionNode = FALSE
	EndGlobalSection
EndGlobal
